lockfileVersion: '9.0'

settings:
  autoInstallPeers: true
  excludeLinksFromLockfile: false

importers:

  .:
    devDependencies:
      node:
        specifier: runtime:^22.21.0
        version: runtime:22.21.0

packages:

  node@runtime:22.21.0:
    resolution:
      type: variations
      variants:
        - resolution:
            archive: tarball
            bin: bin/node
            integrity: sha256-iEa9N6cd9MWBckxkNVZt5LENf1LOnj2EiniSpZx9OkU=
            type: binary
            url: https://nodejs.org/download/release/v22.21.0/node-v22.21.0-aix-ppc64.tar.gz
          targets:
            - cpu: ppc64
              os: aix
        - resolution:
            archive: tarball
            bin: bin/node
            integrity: sha256-28GhcCSjKCetsjtbEc6YzvzXgxRaMP5BuyhFvnEel0I=
            type: binary
            url: https://nodejs.org/download/release/v22.21.0/node-v22.21.0-darwin-arm64.tar.gz
          targets:
            - cpu: arm64
              os: darwin
        - resolution:
            archive: tarball
            bin: bin/node
            integrity: sha256-dWZ0VCooIHUVzdIsopDlOpwft7kDYDBHJ40zkWTrN28=
            type: binary
            url: https://nodejs.org/download/release/v22.21.0/node-v22.21.0-darwin-x64.tar.gz
          targets:
            - cpu: x64
              os: darwin
        - resolution:
            archive: tarball
            bin: bin/node
            integrity: sha256-UYDnTyzephQlSL2CcknaMsDoa6JYHWJB4vJ2H5V7ntE=
            type: binary
            url: https://nodejs.org/download/release/v22.21.0/node-v22.21.0-linux-arm64.tar.gz
          targets:
            - cpu: arm64
              os: linux
        - resolution:
            archive: tarball
            bin: bin/node
            integrity: sha256-m6tiYh0dX3BNbjZb54BCM9A4UWmKqvVU/nJqoC9Z2OQ=
            type: binary
            url: https://nodejs.org/download/release/v22.21.0/node-v22.21.0-linux-armv7l.tar.gz
          targets:
            - cpu: armv7l
              os: linux
        - resolution:
            archive: tarball
            bin: bin/node
            integrity: sha256-sgsmJ2rY+VxznbfjkeF75XiQXstOoSJ0Yk7VE9IxfX4=
            type: binary
            url: https://nodejs.org/download/release/v22.21.0/node-v22.21.0-linux-ppc64le.tar.gz
          targets:
            - cpu: ppc64le
              os: linux
        - resolution:
            archive: tarball
            bin: bin/node
            integrity: sha256-UpHZDK7ID3lrUGZvyagbAcLbBOSRVVqSQwka8AgKnFI=
            type: binary
            url: https://nodejs.org/download/release/v22.21.0/node-v22.21.0-linux-s390x.tar.gz
          targets:
            - cpu: s390x
              os: linux
        - resolution:
            archive: tarball
            bin: bin/node
            integrity: sha256-JiuEsC9+K8AX1L24H+yFyg1hkKXNB4HS1uhDF8CIcfg=
            type: binary
            url: https://nodejs.org/download/release/v22.21.0/node-v22.21.0-linux-x64.tar.gz
          targets:
            - cpu: x64
              os: linux
        - resolution:
            archive: zip
            bin: node.exe
            integrity: sha256-a0SueZJYQKyA2RwxFfn3itJOo0+FgH24W823038o4Hs=
            prefix: node-v22.21.0-win-arm64
            type: binary
            url: https://nodejs.org/download/release/v22.21.0/node-v22.21.0-win-arm64.zip
          targets:
            - cpu: arm64
              os: win32
        - resolution:
            archive: zip
            bin: node.exe
            integrity: sha256-hNMd9lccPHFWcHJlv1HioCFlb6FYS/b0SGt5Lc3lTX0=
            prefix: node-v22.21.0-win-x64
            type: binary
            url: https://nodejs.org/download/release/v22.21.0/node-v22.21.0-win-x64.zip
          targets:
            - cpu: x64
              os: win32
        - resolution:
            archive: zip
            bin: node.exe
            integrity: sha256-66EDqz+j0a1RWL+a04+B0ufMXW144Gto8BfPaWAWAl4=
            prefix: node-v22.21.0-win-x86
            type: binary
            url: https://nodejs.org/download/release/v22.21.0/node-v22.21.0-win-x86.zip
          targets:
            - cpu: x86
              os: win32
    version: 22.21.0
    hasBin: true

snapshots:

  node@runtime:22.21.0: {}
